PODS:
  - esp_provisioning (0.0.1):
    - Flutter
  - Flutter (1.0.0)
  - flutter_ble_lib (2.3.2):
    - Flutter
    - MultiplatformBleAdapter (~> 0.1.8)
  - location (0.0.1):
    - Flutter
  - MultiplatformBleAdapter (0.1.8)
  - "permission_handler (5.1.0+2)":
    - Flutter

DEPENDENCIES:
  - esp_provisioning (from `.symlinks/plugins/esp_provisioning/ios`)
  - Flutter (from `Flutter`)
  - flutter_ble_lib (from `.symlinks/plugins/flutter_ble_lib/ios`)
  - location (from `.symlinks/plugins/location/ios`)
  - permission_handler (from `.symlinks/plugins/permission_handler/ios`)

SPEC REPOS:
  trunk:
    - MultiplatformBleAdapter

EXTERNAL SOURCES:
  esp_provisioning:
    :path: ".symlinks/plugins/esp_provisioning/ios"
  Flutter:
    :path: Flutter
  flutter_ble_lib:
    :path: ".symlinks/plugins/flutter_ble_lib/ios"
  location:
    :path: ".symlinks/plugins/location/ios"
  permission_handler:
    :path: ".symlinks/plugins/permission_handler/ios"

SPEC CHECKSUMS:
  esp_provisioning: f23d52f966f1de0f66007d805220abb52f61a2f1
  Flutter: 50d75fe2f02b26cc09d224853bb45737f8b3214a
  flutter_ble_lib: 675f6ceaa6cd6a675bba408b705042458a782101
  location: 3a2eed4dd2fab25e7b7baf2a9efefe82b512d740
  MultiplatformBleAdapter: bdfdd698ea5d816f0f389eda13d5b07a1bc74b59
  permission_handler: ccb20a9fad0ee9b1314a52b70b76b473c5f8dab0

PODFILE CHECKSUM: a75497545d4391e2d394c3668e20cfb1c2bbd4aa

COCOAPODS: 1.10.1
